Microsoft Visual Studio Solution File, Format Version 12.00
# Visual Studio Version 16
VisualStudioVersion = 16.0.29418.71
MinimumVisualStudioVersion = 15.0.26124.0
Project("{2150E333-8FDC-42A3-9474-1A3956D46DE8}") = "src", "src", "{4F13AEF1-32E3-4F7A-8C53-6BA1A7F38E67}"
EndProject
Project("{9A19103F-16F7-4668-BE54-9A1E7A4F7556}") = "Prism.Plugin.Popups", "src\Prism.Plugin.Popups\Prism.Plugin.Popups.csproj", "{A97EEF50-4117-406B-B315-83802B6BFBE3}"
EndProject
Project("{2150E333-8FDC-42A3-9474-1A3956D46DE8}") = "samples", "samples", "{CD9A0CBA-3014-4BB6-9692-E874F142E62E}"
EndProject
Project("{9A19103F-16F7-4668-BE54-9A1E7A4F7556}") = "PopupPluginSample", "samples\src\PopupPluginSample\PopupPluginSample.csproj", "{442020CC-CA80-4D13-93D0-A7F26B26F039}"
EndProject
Project("{FAE04EC0-301F-11D3-BF4B-00C04F79EFBC}") = "PopupPluginSample.Droid", "samples\src\PopupPluginSample.Droid\PopupPluginSample.Droid.csproj", "{2D0D5472-1B70-4C70-8F6D-041515CF5426}"
EndProject
Project("{FAE04EC0-301F-11D3-BF4B-00C04F79EFBC}") = "PopupPluginSample.iOS", "samples\src\PopupPluginSample.iOS\PopupPluginSample.iOS.csproj", "{01B18237-622E-4475-9D81-2C87A029B15E}"
EndProject
Project("{2150E333-8FDC-42A3-9474-1A3956D46DE8}") = "tests", "tests", "{F667882D-FEF7-4C2B-8D86-E9BB4A8EA235}"
EndProject
Project("{9A19103F-16F7-4668-BE54-9A1E7A4F7556}") = "Prism.Plugin.Popups.DryIoc.Tests", "tests\Prism.Plugin.Popups.DryIoc.Tests\Prism.Plugin.Popups.DryIoc.Tests.csproj", "{F03CE320-8912-491A-BCE4-2D95551F1288}"
EndProject
Project("{9A19103F-16F7-4668-BE54-9A1E7A4F7556}") = "Prism.Plugin.Popups.Unity.Tests", "tests\Prism.Plugin.Popups.Unity.Tests\Prism.Plugin.Popups.Unity.Tests.csproj", "{D9A137DD-FF22-4387-BDB9-F5D6E2EF13E9}"
EndProject
Project("{D954291E-2A0B-460D-934E-DC6B0785DB48}") = "Prism.Plugin.Popups.Tests.Shared", "tests\Prism.Plugin.Popups.Tests.Shared\Prism.Plugin.Popups.Tests.Shared.shproj", "{1EAC05E0-F11D-47F3-A01A-A7A3912F8C1C}"
EndProject
Project("{2150E333-8FDC-42A3-9474-1A3956D46DE8}") = "Solution Items", "Solution Items", "{90FD6B0D-CAAB-46D5-B7A6-9D8C072A13BE}"
	ProjectSection(SolutionItems) = preProject
		azure-pipelines.yml = azure-pipelines.yml
		CodeCoverage.runsettings = CodeCoverage.runsettings
		Directory.build.props = Directory.build.props
		global.json = global.json
		NuGet.config = NuGet.config
		ReadMe.md = ReadMe.md
	EndProjectSection
EndProject
Project("{2150E333-8FDC-42A3-9474-1A3956D46DE8}") = "build", "build", "{D3D9DF50-450A-41B6-B7CA-BB4B753EBDCB}"
	ProjectSection(SolutionItems) = preProject
		build\filelist.txt = build\filelist.txt
		build\Sign-Packages.ps1 = build\Sign-Packages.ps1
	EndProjectSection
EndProject
Global
	GlobalSection(SharedMSBuildProjectFiles) = preSolution
		tests\Prism.Plugin.Popups.Tests.Shared\Prism.Plugin.Popups.Tests.Shared.projitems*{1eac05e0-f11d-47f3-a01a-a7a3912f8c1c}*SharedItemsImports = 13
	EndGlobalSection
	GlobalSection(SolutionConfigurationPlatforms) = preSolution
		Autofac|Any CPU = Autofac|Any CPU
		Autofac|iPhone = Autofac|iPhone
		Autofac|iPhoneSimulator = Autofac|iPhoneSimulator
		Debug|Any CPU = Debug|Any CPU
		Debug|iPhone = Debug|iPhone
		Debug|iPhoneSimulator = Debug|iPhoneSimulator
		DryIoc|Any CPU = DryIoc|Any CPU
		DryIoc|iPhone = DryIoc|iPhone
		DryIoc|iPhoneSimulator = DryIoc|iPhoneSimulator
		Release|Any CPU = Release|Any CPU
		Release|iPhone = Release|iPhone
		Release|iPhoneSimulator = Release|iPhoneSimulator
		Unity|Any CPU = Unity|Any CPU
		Unity|iPhone = Unity|iPhone
		Unity|iPhoneSimulator = Unity|iPhoneSimulator
	EndGlobalSection
	GlobalSection(ProjectConfigurationPlatforms) = postSolution
		{A97EEF50-4117-406B-B315-83802B6BFBE3}.Autofac|Any CPU.ActiveCfg = Release|Any CPU
		{A97EEF50-4117-406B-B315-83802B6BFBE3}.Autofac|Any CPU.Build.0 = Release|Any CPU
		{A97EEF50-4117-406B-B315-83802B6BFBE3}.Autofac|iPhone.ActiveCfg = Release|Any CPU
		{A97EEF50-4117-406B-B315-83802B6BFBE3}.Autofac|iPhone.Build.0 = Release|Any CPU
		{A97EEF50-4117-406B-B315-83802B6BFBE3}.Autofac|iPhoneSimulator.ActiveCfg = Release|Any CPU
		{A97EEF50-4117-406B-B315-83802B6BFBE3}.Autofac|iPhoneSimulator.Build.0 = Release|Any CPU
		{A97EEF50-4117-406B-B315-83802B6BFBE3}.Debug|Any CPU.ActiveCfg = Debug|Any CPU
		{A97EEF50-4117-406B-B315-83802B6BFBE3}.Debug|Any CPU.Build.0 = Debug|Any CPU
		{A97EEF50-4117-406B-B315-83802B6BFBE3}.Debug|iPhone.ActiveCfg = Debug|Any CPU
		{A97EEF50-4117-406B-B315-83802B6BFBE3}.Debug|iPhone.Build.0 = Debug|Any CPU
		{A97EEF50-4117-406B-B315-83802B6BFBE3}.Debug|iPhoneSimulator.ActiveCfg = Debug|Any CPU
		{A97EEF50-4117-406B-B315-83802B6BFBE3}.Debug|iPhoneSimulator.Build.0 = Debug|Any CPU
		{A97EEF50-4117-406B-B315-83802B6BFBE3}.DryIoc|Any CPU.ActiveCfg = Debug|Any CPU
		{A97EEF50-4117-406B-B315-83802B6BFBE3}.DryIoc|Any CPU.Build.0 = Debug|Any CPU
		{A97EEF50-4117-406B-B315-83802B6BFBE3}.DryIoc|iPhone.ActiveCfg = Debug|Any CPU
		{A97EEF50-4117-406B-B315-83802B6BFBE3}.DryIoc|iPhone.Build.0 = Debug|Any CPU
		{A97EEF50-4117-406B-B315-83802B6BFBE3}.DryIoc|iPhoneSimulator.ActiveCfg = Debug|Any CPU
		{A97EEF50-4117-406B-B315-83802B6BFBE3}.DryIoc|iPhoneSimulator.Build.0 = Debug|Any CPU
		{A97EEF50-4117-406B-B315-83802B6BFBE3}.Release|Any CPU.ActiveCfg = Release|Any CPU
		{A97EEF50-4117-406B-B315-83802B6BFBE3}.Release|Any CPU.Build.0 = Release|Any CPU
		{A97EEF50-4117-406B-B315-83802B6BFBE3}.Release|iPhone.ActiveCfg = Release|Any CPU
		{A97EEF50-4117-406B-B315-83802B6BFBE3}.Release|iPhone.Build.0 = Release|Any CPU
		{A97EEF50-4117-406B-B315-83802B6BFBE3}.Release|iPhoneSimulator.ActiveCfg = Release|Any CPU
		{A97EEF50-4117-406B-B315-83802B6BFBE3}.Release|iPhoneSimulator.Build.0 = Release|Any CPU
		{A97EEF50-4117-406B-B315-83802B6BFBE3}.Unity|Any CPU.ActiveCfg = Release|Any CPU
		{A97EEF50-4117-406B-B315-83802B6BFBE3}.Unity|Any CPU.Build.0 = Release|Any CPU
		{A97EEF50-4117-406B-B315-83802B6BFBE3}.Unity|iPhone.ActiveCfg = Release|Any CPU
		{A97EEF50-4117-406B-B315-83802B6BFBE3}.Unity|iPhone.Build.0 = Release|Any CPU
		{A97EEF50-4117-406B-B315-83802B6BFBE3}.Unity|iPhoneSimulator.ActiveCfg = Release|Any CPU
		{A97EEF50-4117-406B-B315-83802B6BFBE3}.Unity|iPhoneSimulator.Build.0 = Release|Any CPU
		{442020CC-CA80-4D13-93D0-A7F26B26F039}.Autofac|Any CPU.ActiveCfg = Autofac|Any CPU
		{442020CC-CA80-4D13-93D0-A7F26B26F039}.Autofac|Any CPU.Build.0 = Autofac|Any CPU
		{442020CC-CA80-4D13-93D0-A7F26B26F039}.Autofac|iPhone.ActiveCfg = Autofac|Any CPU
		{442020CC-CA80-4D13-93D0-A7F26B26F039}.Autofac|iPhone.Build.0 = Autofac|Any CPU
		{442020CC-CA80-4D13-93D0-A7F26B26F039}.Autofac|iPhoneSimulator.ActiveCfg = Autofac|Any CPU
		{442020CC-CA80-4D13-93D0-A7F26B26F039}.Autofac|iPhoneSimulator.Build.0 = Autofac|Any CPU
		{442020CC-CA80-4D13-93D0-A7F26B26F039}.Debug|Any CPU.ActiveCfg = Debug|Any CPU
		{442020CC-CA80-4D13-93D0-A7F26B26F039}.Debug|Any CPU.Build.0 = Debug|Any CPU
		{442020CC-CA80-4D13-93D0-A7F26B26F039}.Debug|iPhone.ActiveCfg = Debug|Any CPU
		{442020CC-CA80-4D13-93D0-A7F26B26F039}.Debug|iPhone.Build.0 = Debug|Any CPU
		{442020CC-CA80-4D13-93D0-A7F26B26F039}.Debug|iPhoneSimulator.ActiveCfg = Debug|Any CPU
		{442020CC-CA80-4D13-93D0-A7F26B26F039}.Debug|iPhoneSimulator.Build.0 = Debug|Any CPU
		{442020CC-CA80-4D13-93D0-A7F26B26F039}.DryIoc|Any CPU.ActiveCfg = DryIoc|Any CPU
		{442020CC-CA80-4D13-93D0-A7F26B26F039}.DryIoc|Any CPU.Build.0 = DryIoc|Any CPU
		{442020CC-CA80-4D13-93D0-A7F26B26F039}.DryIoc|iPhone.ActiveCfg = DryIoc|Any CPU
		{442020CC-CA80-4D13-93D0-A7F26B26F039}.DryIoc|iPhone.Build.0 = DryIoc|Any CPU
		{442020CC-CA80-4D13-93D0-A7F26B26F039}.DryIoc|iPhoneSimulator.ActiveCfg = DryIoc|Any CPU
		{442020CC-CA80-4D13-93D0-A7F26B26F039}.DryIoc|iPhoneSimulator.Build.0 = DryIoc|Any CPU
		{442020CC-CA80-4D13-93D0-A7F26B26F039}.Release|Any CPU.ActiveCfg = Release|Any CPU
		{442020CC-CA80-4D13-93D0-A7F26B26F039}.Release|iPhone.ActiveCfg = Release|Any CPU
		{442020CC-CA80-4D13-93D0-A7F26B26F039}.Release|iPhoneSimulator.ActiveCfg = Release|Any CPU
		{442020CC-CA80-4D13-93D0-A7F26B26F039}.Unity|Any CPU.ActiveCfg = Unity|Any CPU
		{442020CC-CA80-4D13-93D0-A7F26B26F039}.Unity|Any CPU.Build.0 = Unity|Any CPU
		{442020CC-CA80-4D13-93D0-A7F26B26F039}.Unity|iPhone.ActiveCfg = Unity|Any CPU
		{442020CC-CA80-4D13-93D0-A7F26B26F039}.Unity|iPhone.Build.0 = Unity|Any CPU
		{442020CC-CA80-4D13-93D0-A7F26B26F039}.Unity|iPhoneSimulator.ActiveCfg = Unity|Any CPU
		{442020CC-CA80-4D13-93D0-A7F26B26F039}.Unity|iPhoneSimulator.Build.0 = Unity|Any CPU
		{2D0D5472-1B70-4C70-8F6D-041515CF5426}.Autofac|Any CPU.ActiveCfg = Mock|Any CPU
		{2D0D5472-1B70-4C70-8F6D-041515CF5426}.Autofac|Any CPU.Build.0 = Mock|Any CPU
		{2D0D5472-1B70-4C70-8F6D-041515CF5426}.Autofac|Any CPU.Deploy.0 = Mock|Any CPU
		{2D0D5472-1B70-4C70-8F6D-041515CF5426}.Autofac|iPhone.ActiveCfg = Mock|Any CPU
		{2D0D5472-1B70-4C70-8F6D-041515CF5426}.Autofac|iPhone.Build.0 = Mock|Any CPU
		{2D0D5472-1B70-4C70-8F6D-041515CF5426}.Autofac|iPhone.Deploy.0 = Mock|Any CPU
		{2D0D5472-1B70-4C70-8F6D-041515CF5426}.Autofac|iPhoneSimulator.ActiveCfg = Mock|Any CPU
		{2D0D5472-1B70-4C70-8F6D-041515CF5426}.Autofac|iPhoneSimulator.Build.0 = Mock|Any CPU
		{2D0D5472-1B70-4C70-8F6D-041515CF5426}.Autofac|iPhoneSimulator.Deploy.0 = Mock|Any CPU
		{2D0D5472-1B70-4C70-8F6D-041515CF5426}.Debug|Any CPU.ActiveCfg = Debug|Any CPU
		{2D0D5472-1B70-4C70-8F6D-041515CF5426}.Debug|Any CPU.Build.0 = Debug|Any CPU
		{2D0D5472-1B70-4C70-8F6D-041515CF5426}.Debug|Any CPU.Deploy.0 = Debug|Any CPU
		{2D0D5472-1B70-4C70-8F6D-041515CF5426}.Debug|iPhone.ActiveCfg = Debug|Any CPU
		{2D0D5472-1B70-4C70-8F6D-041515CF5426}.Debug|iPhone.Build.0 = Debug|Any CPU
		{2D0D5472-1B70-4C70-8F6D-041515CF5426}.Debug|iPhone.Deploy.0 = Debug|Any CPU
		{2D0D5472-1B70-4C70-8F6D-041515CF5426}.Debug|iPhoneSimulator.ActiveCfg = Debug|Any CPU
		{2D0D5472-1B70-4C70-8F6D-041515CF5426}.Debug|iPhoneSimulator.Build.0 = Debug|Any CPU
		{2D0D5472-1B70-4C70-8F6D-041515CF5426}.Debug|iPhoneSimulator.Deploy.0 = Debug|Any CPU
		{2D0D5472-1B70-4C70-8F6D-041515CF5426}.DryIoc|Any CPU.ActiveCfg = Debug|Any CPU
		{2D0D5472-1B70-4C70-8F6D-041515CF5426}.DryIoc|Any CPU.Build.0 = Debug|Any CPU
		{2D0D5472-1B70-4C70-8F6D-041515CF5426}.DryIoc|Any CPU.Deploy.0 = Debug|Any CPU
		{2D0D5472-1B70-4C70-8F6D-041515CF5426}.DryIoc|iPhone.ActiveCfg = Debug|Any CPU
		{2D0D5472-1B70-4C70-8F6D-041515CF5426}.DryIoc|iPhone.Build.0 = Debug|Any CPU
		{2D0D5472-1B70-4C70-8F6D-041515CF5426}.DryIoc|iPhone.Deploy.0 = Debug|Any CPU
		{2D0D5472-1B70-4C70-8F6D-041515CF5426}.DryIoc|iPhoneSimulator.ActiveCfg = Debug|Any CPU
		{2D0D5472-1B70-4C70-8F6D-041515CF5426}.DryIoc|iPhoneSimulator.Build.0 = Debug|Any CPU
		{2D0D5472-1B70-4C70-8F6D-041515CF5426}.DryIoc|iPhoneSimulator.Deploy.0 = Debug|Any CPU
		{2D0D5472-1B70-4C70-8F6D-041515CF5426}.Release|Any CPU.ActiveCfg = Release|Any CPU
		{2D0D5472-1B70-4C70-8F6D-041515CF5426}.Release|iPhone.ActiveCfg = Release|Any CPU
		{2D0D5472-1B70-4C70-8F6D-041515CF5426}.Release|iPhoneSimulator.ActiveCfg = Release|Any CPU
		{2D0D5472-1B70-4C70-8F6D-041515CF5426}.Unity|Any CPU.ActiveCfg = Mock|Any CPU
		{2D0D5472-1B70-4C70-8F6D-041515CF5426}.Unity|Any CPU.Build.0 = Mock|Any CPU
		{2D0D5472-1B70-4C70-8F6D-041515CF5426}.Unity|Any CPU.Deploy.0 = Mock|Any CPU
		{2D0D5472-1B70-4C70-8F6D-041515CF5426}.Unity|iPhone.ActiveCfg = Mock|Any CPU
		{2D0D5472-1B70-4C70-8F6D-041515CF5426}.Unity|iPhone.Build.0 = Mock|Any CPU
		{2D0D5472-1B70-4C70-8F6D-041515CF5426}.Unity|iPhone.Deploy.0 = Mock|Any CPU
		{2D0D5472-1B70-4C70-8F6D-041515CF5426}.Unity|iPhoneSimulator.ActiveCfg = Mock|Any CPU
		{2D0D5472-1B70-4C70-8F6D-041515CF5426}.Unity|iPhoneSimulator.Build.0 = Mock|Any CPU
		{2D0D5472-1B70-4C70-8F6D-041515CF5426}.Unity|iPhoneSimulator.Deploy.0 = Mock|Any CPU
		{01B18237-622E-4475-9D81-2C87A029B15E}.Autofac|Any CPU.ActiveCfg = Mock|iPhone
		{01B18237-622E-4475-9D81-2C87A029B15E}.Autofac|Any CPU.Build.0 = Mock|iPhone
		{01B18237-622E-4475-9D81-2C87A029B15E}.Autofac|iPhone.ActiveCfg = AppStore|iPhone
		{01B18237-622E-4475-9D81-2C87A029B15E}.Autofac|iPhone.Build.0 = AppStore|iPhone
		{01B18237-622E-4475-9D81-2C87A029B15E}.Autofac|iPhoneSimulator.ActiveCfg = AppStore|iPhoneSimulator
		{01B18237-622E-4475-9D81-2C87A029B15E}.Autofac|iPhoneSimulator.Build.0 = AppStore|iPhoneSimulator
		{01B18237-622E-4475-9D81-2C87A029B15E}.Debug|Any CPU.ActiveCfg = Debug|iPhone
		{01B18237-622E-4475-9D81-2C87A029B15E}.Debug|iPhone.ActiveCfg = Debug|iPhone
		{01B18237-622E-4475-9D81-2C87A029B15E}.Debug|iPhone.Build.0 = Debug|iPhone
		{01B18237-622E-4475-9D81-2C87A029B15E}.Debug|iPhoneSimulator.ActiveCfg = Debug|iPhoneSimulator
		{01B18237-622E-4475-9D81-2C87A029B15E}.Debug|iPhoneSimulator.Build.0 = Debug|iPhoneSimulator
		{01B18237-622E-4475-9D81-2C87A029B15E}.DryIoc|Any CPU.ActiveCfg = Mock|iPhone
		{01B18237-622E-4475-9D81-2C87A029B15E}.DryIoc|Any CPU.Build.0 = Mock|iPhone
		{01B18237-622E-4475-9D81-2C87A029B15E}.DryIoc|iPhone.ActiveCfg = Debug|iPhone
		{01B18237-622E-4475-9D81-2C87A029B15E}.DryIoc|iPhone.Build.0 = Debug|iPhone
		{01B18237-622E-4475-9D81-2C87A029B15E}.DryIoc|iPhoneSimulator.ActiveCfg = Debug|iPhoneSimulator
		{01B18237-622E-4475-9D81-2C87A029B15E}.DryIoc|iPhoneSimulator.Build.0 = Debug|iPhoneSimulator
		{01B18237-622E-4475-9D81-2C87A029B15E}.Release|Any CPU.ActiveCfg = Release|iPhone
		{01B18237-622E-4475-9D81-2C87A029B15E}.Release|iPhone.ActiveCfg = Release|iPhone
		{01B18237-622E-4475-9D81-2C87A029B15E}.Release|iPhoneSimulator.ActiveCfg = Release|iPhoneSimulator
		{01B18237-622E-4475-9D81-2C87A029B15E}.Unity|Any CPU.ActiveCfg = Mock|iPhone
		{01B18237-622E-4475-9D81-2C87A029B15E}.Unity|Any CPU.Build.0 = Mock|iPhone
		{01B18237-622E-4475-9D81-2C87A029B15E}.Unity|iPhone.ActiveCfg = Mock|iPhone
		{01B18237-622E-4475-9D81-2C87A029B15E}.Unity|iPhone.Build.0 = Mock|iPhone
		{01B18237-622E-4475-9D81-2C87A029B15E}.Unity|iPhoneSimulator.ActiveCfg = Mock|iPhoneSimulator
		{01B18237-622E-4475-9D81-2C87A029B15E}.Unity|iPhoneSimulator.Build.0 = Mock|iPhoneSimulator
		{F03CE320-8912-491A-BCE4-2D95551F1288}.Autofac|Any CPU.ActiveCfg = Debug|Any CPU
		{F03CE320-8912-491A-BCE4-2D95551F1288}.Autofac|iPhone.ActiveCfg = Release|Any CPU
		{F03CE320-8912-491A-BCE4-2D95551F1288}.Autofac|iPhoneSimulator.ActiveCfg = Release|Any CPU
		{F03CE320-8912-491A-BCE4-2D95551F1288}.Debug|Any CPU.ActiveCfg = Debug|Any CPU
		{F03CE320-8912-491A-BCE4-2D95551F1288}.Debug|Any CPU.Build.0 = Debug|Any CPU
		{F03CE320-8912-491A-BCE4-2D95551F1288}.Debug|iPhone.ActiveCfg = Debug|Any CPU
		{F03CE320-8912-491A-BCE4-2D95551F1288}.Debug|iPhone.Build.0 = Debug|Any CPU
		{F03CE320-8912-491A-BCE4-2D95551F1288}.Debug|iPhoneSimulator.ActiveCfg = Debug|Any CPU
		{F03CE320-8912-491A-BCE4-2D95551F1288}.Debug|iPhoneSimulator.Build.0 = Debug|Any CPU
		{F03CE320-8912-491A-BCE4-2D95551F1288}.DryIoc|Any CPU.ActiveCfg = Debug|Any CPU
		{F03CE320-8912-491A-BCE4-2D95551F1288}.DryIoc|Any CPU.Build.0 = Debug|Any CPU
		{F03CE320-8912-491A-BCE4-2D95551F1288}.DryIoc|iPhone.ActiveCfg = Debug|Any CPU
		{F03CE320-8912-491A-BCE4-2D95551F1288}.DryIoc|iPhone.Build.0 = Debug|Any CPU
		{F03CE320-8912-491A-BCE4-2D95551F1288}.DryIoc|iPhoneSimulator.ActiveCfg = Debug|Any CPU
		{F03CE320-8912-491A-BCE4-2D95551F1288}.DryIoc|iPhoneSimulator.Build.0 = Debug|Any CPU
		{F03CE320-8912-491A-BCE4-2D95551F1288}.Release|Any CPU.ActiveCfg = Release|Any CPU
		{F03CE320-8912-491A-BCE4-2D95551F1288}.Release|Any CPU.Build.0 = Release|Any CPU
		{F03CE320-8912-491A-BCE4-2D95551F1288}.Release|iPhone.ActiveCfg = Release|Any CPU
		{F03CE320-8912-491A-BCE4-2D95551F1288}.Release|iPhone.Build.0 = Release|Any CPU
		{F03CE320-8912-491A-BCE4-2D95551F1288}.Release|iPhoneSimulator.ActiveCfg = Release|Any CPU
		{F03CE320-8912-491A-BCE4-2D95551F1288}.Release|iPhoneSimulator.Build.0 = Release|Any CPU
		{F03CE320-8912-491A-BCE4-2D95551F1288}.Unity|Any CPU.ActiveCfg = Release|Any CPU
		{F03CE320-8912-491A-BCE4-2D95551F1288}.Unity|Any CPU.Build.0 = Release|Any CPU
		{F03CE320-8912-491A-BCE4-2D95551F1288}.Unity|iPhone.ActiveCfg = Release|Any CPU
		{F03CE320-8912-491A-BCE4-2D95551F1288}.Unity|iPhone.Build.0 = Release|Any CPU
		{F03CE320-8912-491A-BCE4-2D95551F1288}.Unity|iPhoneSimulator.ActiveCfg = Release|Any CPU
		{F03CE320-8912-491A-BCE4-2D95551F1288}.Unity|iPhoneSimulator.Build.0 = Release|Any CPU
		{D9A137DD-FF22-4387-BDB9-F5D6E2EF13E9}.Autofac|Any CPU.ActiveCfg = Release|Any CPU
		{D9A137DD-FF22-4387-BDB9-F5D6E2EF13E9}.Autofac|Any CPU.Build.0 = Release|Any CPU
		{D9A137DD-FF22-4387-BDB9-F5D6E2EF13E9}.Autofac|iPhone.ActiveCfg = Release|Any CPU
		{D9A137DD-FF22-4387-BDB9-F5D6E2EF13E9}.Autofac|iPhone.Build.0 = Release|Any CPU
		{D9A137DD-FF22-4387-BDB9-F5D6E2EF13E9}.Autofac|iPhoneSimulator.ActiveCfg = Release|Any CPU
		{D9A137DD-FF22-4387-BDB9-F5D6E2EF13E9}.Autofac|iPhoneSimulator.Build.0 = Release|Any CPU
		{D9A137DD-FF22-4387-BDB9-F5D6E2EF13E9}.Debug|Any CPU.ActiveCfg = Debug|Any CPU
		{D9A137DD-FF22-4387-BDB9-F5D6E2EF13E9}.Debug|Any CPU.Build.0 = Debug|Any CPU
		{D9A137DD-FF22-4387-BDB9-F5D6E2EF13E9}.Debug|iPhone.ActiveCfg = Debug|Any CPU
		{D9A137DD-FF22-4387-BDB9-F5D6E2EF13E9}.Debug|iPhone.Build.0 = Debug|Any CPU
		{D9A137DD-FF22-4387-BDB9-F5D6E2EF13E9}.Debug|iPhoneSimulator.ActiveCfg = Debug|Any CPU
		{D9A137DD-FF22-4387-BDB9-F5D6E2EF13E9}.Debug|iPhoneSimulator.Build.0 = Debug|Any CPU
		{D9A137DD-FF22-4387-BDB9-F5D6E2EF13E9}.DryIoc|Any CPU.ActiveCfg = Debug|Any CPU
		{D9A137DD-FF22-4387-BDB9-F5D6E2EF13E9}.DryIoc|Any CPU.Build.0 = Debug|Any CPU
		{D9A137DD-FF22-4387-BDB9-F5D6E2EF13E9}.DryIoc|iPhone.ActiveCfg = Debug|Any CPU
		{D9A137DD-FF22-4387-BDB9-F5D6E2EF13E9}.DryIoc|iPhone.Build.0 = Debug|Any CPU
		{D9A137DD-FF22-4387-BDB9-F5D6E2EF13E9}.DryIoc|iPhoneSimulator.ActiveCfg = Debug|Any CPU
		{D9A137DD-FF22-4387-BDB9-F5D6E2EF13E9}.DryIoc|iPhoneSimulator.Build.0 = Debug|Any CPU
		{D9A137DD-FF22-4387-BDB9-F5D6E2EF13E9}.Release|Any CPU.ActiveCfg = Release|Any CPU
		{D9A137DD-FF22-4387-BDB9-F5D6E2EF13E9}.Release|Any CPU.Build.0 = Release|Any CPU
		{D9A137DD-FF22-4387-BDB9-F5D6E2EF13E9}.Release|iPhone.ActiveCfg = Release|Any CPU
		{D9A137DD-FF22-4387-BDB9-F5D6E2EF13E9}.Release|iPhone.Build.0 = Release|Any CPU
		{D9A137DD-FF22-4387-BDB9-F5D6E2EF13E9}.Release|iPhoneSimulator.ActiveCfg = Release|Any CPU
		{D9A137DD-FF22-4387-BDB9-F5D6E2EF13E9}.Release|iPhoneSimulator.Build.0 = Release|Any CPU
		{D9A137DD-FF22-4387-BDB9-F5D6E2EF13E9}.Unity|Any CPU.ActiveCfg = Release|Any CPU
		{D9A137DD-FF22-4387-BDB9-F5D6E2EF13E9}.Unity|Any CPU.Build.0 = Release|Any CPU
		{D9A137DD-FF22-4387-BDB9-F5D6E2EF13E9}.Unity|iPhone.ActiveCfg = Release|Any CPU
		{D9A137DD-FF22-4387-BDB9-F5D6E2EF13E9}.Unity|iPhone.Build.0 = Release|Any CPU
		{D9A137DD-FF22-4387-BDB9-F5D6E2EF13E9}.Unity|iPhoneSimulator.ActiveCfg = Release|Any CPU
		{D9A137DD-FF22-4387-BDB9-F5D6E2EF13E9}.Unity|iPhoneSimulator.Build.0 = Release|Any CPU
	EndGlobalSection
	GlobalSection(SolutionProperties) = preSolution
		HideSolutionNode = FALSE
	EndGlobalSection
	GlobalSection(NestedProjects) = preSolution
		{A97EEF50-4117-406B-B315-83802B6BFBE3} = {4F13AEF1-32E3-4F7A-8C53-6BA1A7F38E67}
		{442020CC-CA80-4D13-93D0-A7F26B26F039} = {CD9A0CBA-3014-4BB6-9692-E874F142E62E}
		{2D0D5472-1B70-4C70-8F6D-041515CF5426} = {CD9A0CBA-3014-4BB6-9692-E874F142E62E}
		{01B18237-622E-4475-9D81-2C87A029B15E} = {CD9A0CBA-3014-4BB6-9692-E874F142E62E}
		{F03CE320-8912-491A-BCE4-2D95551F1288} = {F667882D-FEF7-4C2B-8D86-E9BB4A8EA235}
		{D9A137DD-FF22-4387-BDB9-F5D6E2EF13E9} = {F667882D-FEF7-4C2B-8D86-E9BB4A8EA235}
		{1EAC05E0-F11D-47F3-A01A-A7A3912F8C1C} = {F667882D-FEF7-4C2B-8D86-E9BB4A8EA235}
	EndGlobalSection
	GlobalSection(ExtensibilityGlobals) = postSolution
		SolutionGuid = {B92F1432-0FB4-4892-AADF-3B98A570DEEA}
	EndGlobalSection
EndGlobal
