
Microsoft Visual Studio Solution File, Format Version 12.00
# Visual Studio 15
VisualStudioVersion = 15.0.26430.16
MinimumVisualStudioVersion = 10.0.40219.1
Project("{FAE04EC0-301F-11D3-BF4B-00C04F79EFBC}") = "Prism.Plugin.Popups.Unity", "src\Prism.Plugin.Popups.Unity\Prism.Plugin.Popups.Unity.csproj", "{A04B12E0-7559-4683-ABB8-B84D15F5352F}"
EndProject
Project("{D954291E-2A0B-460D-934E-DC6B0785DB48}") = "Prism.Plugin.Popups.Shared", "src\Prism.Plugin.Popups.Shared\Prism.Plugin.Popups.Shared.shproj", "{7A133469-C47F-4EB1-A6B9-FF6E3474B2E4}"
EndProject
Project("{FAE04EC0-301F-11D3-BF4B-00C04F79EFBC}") = "Prism.Plugin.Popups.Autofac", "src\Prism.Plugin.Popups.Autofac\Prism.Plugin.Popups.Autofac.csproj", "{9E12D69F-C10C-459B-B343-54CEEF4C2B74}"
EndProject
Project("{FAE04EC0-301F-11D3-BF4B-00C04F79EFBC}") = "Prism.Plugin.Popups.Ninject", "src\Prism.Plugin.Popups.Ninject\Prism.Plugin.Popups.Ninject.csproj", "{321823D9-C437-449A-AAEF-034732CD4E62}"
EndProject
Project("{FAE04EC0-301F-11D3-BF4B-00C04F79EFBC}") = "Prism.Plugin.Popups.DryIoc", "src\Prism.Plugin.Popups.DryIoc\Prism.Plugin.Popups.DryIoc.csproj", "{3FDA1E44-650F-497F-9A73-CC042D76C7B5}"
EndProject
Project("{2150E333-8FDC-42A3-9474-1A3956D46DE8}") = "src", "src", "{91D9075B-51A0-461B-B197-2DB95A392BFF}"
EndProject
Project("{2150E333-8FDC-42A3-9474-1A3956D46DE8}") = "sample", "sample", "{513D48FE-B45D-431E-90A4-D48991B229CF}"
EndProject
Project("{FAE04EC0-301F-11D3-BF4B-00C04F79EFBC}") = "Prism.Plugin.Popups", "src\Prism.Plugin.Popups\Prism.Plugin.Popups.csproj", "{997811D1-08F5-4688-88B2-A93E6BF5AA1E}"
EndProject
Project("{FAE04EC0-301F-11D3-BF4B-00C04F79EFBC}") = "PopupPluginSample", "samples\src\PopupPluginSample\PopupPluginSample.csproj", "{C3C45AC1-0BE6-4387-9E61-5E49BBA01E1A}"
EndProject
Project("{FAE04EC0-301F-11D3-BF4B-00C04F79EFBC}") = "PopupPluginSample.Droid", "samples\src\PopupPluginSample.Droid\PopupPluginSample.Droid.csproj", "{596F0CCC-53CF-42B0-B56A-7B902C38BB0F}"
EndProject
Project("{FAE04EC0-301F-11D3-BF4B-00C04F79EFBC}") = "PopupPluginSample.iOS", "samples\src\PopupPluginSample.iOS\PopupPluginSample.iOS.csproj", "{0675FAF6-30EC-4565-B591-A9ECA3C1B22A}"
EndProject
Project("{FAE04EC0-301F-11D3-BF4B-00C04F79EFBC}") = "PopupPluginSample.UWP", "samples\src\PopupPluginSample.UWP\PopupPluginSample.UWP.csproj", "{EB352151-F309-4B1F-BAC3-35D0326CDC34}"
EndProject
Global
	GlobalSection(SharedMSBuildProjectFiles) = preSolution
		src\Prism.Plugin.Popups.Shared\Prism.Plugin.Popups.Shared.projitems*{321823d9-c437-449a-aaef-034732cd4e62}*SharedItemsImports = 4
		src\Prism.Plugin.Popups.Shared\Prism.Plugin.Popups.Shared.projitems*{3fda1e44-650f-497f-9a73-cc042d76c7b5}*SharedItemsImports = 4
		src\Prism.Plugin.Popups.Shared\Prism.Plugin.Popups.Shared.projitems*{7a133469-c47f-4eb1-a6b9-ff6e3474b2e4}*SharedItemsImports = 13
		src\Prism.Plugin.Popups.Shared\Prism.Plugin.Popups.Shared.projitems*{9e12d69f-c10c-459b-b343-54ceef4c2b74}*SharedItemsImports = 4
		src\Prism.Plugin.Popups.Shared\Prism.Plugin.Popups.Shared.projitems*{a04b12e0-7559-4683-abb8-b84d15f5352f}*SharedItemsImports = 4
	EndGlobalSection
	GlobalSection(SolutionConfigurationPlatforms) = preSolution
		Debug|Any CPU = Debug|Any CPU
		Debug|iPhone = Debug|iPhone
		Debug|iPhoneSimulator = Debug|iPhoneSimulator
		Release|Any CPU = Release|Any CPU
		Release|iPhone = Release|iPhone
		Release|iPhoneSimulator = Release|iPhoneSimulator
		Mock|Any CPU = Mock|Any CPU
		Ad-Hoc|iPhone = Ad-Hoc|iPhone
		AppStore|iPhone = AppStore|iPhone
		Mock|iPhone = Mock|iPhone
		Mock|iPhoneSimulator = Mock|iPhoneSimulator
	EndGlobalSection
	GlobalSection(ProjectConfigurationPlatforms) = postSolution
		{A04B12E0-7559-4683-ABB8-B84D15F5352F}.Debug|Any CPU.ActiveCfg = Debug|Any CPU
		{A04B12E0-7559-4683-ABB8-B84D15F5352F}.Debug|Any CPU.Build.0 = Debug|Any CPU
		{A04B12E0-7559-4683-ABB8-B84D15F5352F}.Debug|iPhone.ActiveCfg = Debug|Any CPU
		{A04B12E0-7559-4683-ABB8-B84D15F5352F}.Debug|iPhone.Build.0 = Debug|Any CPU
		{A04B12E0-7559-4683-ABB8-B84D15F5352F}.Debug|iPhoneSimulator.ActiveCfg = Debug|Any CPU
		{A04B12E0-7559-4683-ABB8-B84D15F5352F}.Debug|iPhoneSimulator.Build.0 = Debug|Any CPU
		{A04B12E0-7559-4683-ABB8-B84D15F5352F}.Release|Any CPU.ActiveCfg = Release|Any CPU
		{A04B12E0-7559-4683-ABB8-B84D15F5352F}.Release|Any CPU.Build.0 = Release|Any CPU
		{A04B12E0-7559-4683-ABB8-B84D15F5352F}.Release|iPhone.ActiveCfg = Release|Any CPU
		{A04B12E0-7559-4683-ABB8-B84D15F5352F}.Release|iPhone.Build.0 = Release|Any CPU
		{A04B12E0-7559-4683-ABB8-B84D15F5352F}.Release|iPhoneSimulator.ActiveCfg = Release|Any CPU
		{A04B12E0-7559-4683-ABB8-B84D15F5352F}.Release|iPhoneSimulator.Build.0 = Release|Any CPU
		{A04B12E0-7559-4683-ABB8-B84D15F5352F}.Mock|Any CPU.ActiveCfg = Debug|Any CPU
		{A04B12E0-7559-4683-ABB8-B84D15F5352F}.Mock|Any CPU.Build.0 = Debug|Any CPU
		{A04B12E0-7559-4683-ABB8-B84D15F5352F}.Ad-Hoc|iPhone.ActiveCfg = Debug|Any CPU
		{A04B12E0-7559-4683-ABB8-B84D15F5352F}.Ad-Hoc|iPhone.Build.0 = Debug|Any CPU
		{A04B12E0-7559-4683-ABB8-B84D15F5352F}.AppStore|iPhone.ActiveCfg = Debug|Any CPU
		{A04B12E0-7559-4683-ABB8-B84D15F5352F}.AppStore|iPhone.Build.0 = Debug|Any CPU
		{A04B12E0-7559-4683-ABB8-B84D15F5352F}.Mock|iPhone.ActiveCfg = Debug|Any CPU
		{A04B12E0-7559-4683-ABB8-B84D15F5352F}.Mock|iPhone.Build.0 = Debug|Any CPU
		{A04B12E0-7559-4683-ABB8-B84D15F5352F}.Mock|iPhoneSimulator.ActiveCfg = Debug|Any CPU
		{A04B12E0-7559-4683-ABB8-B84D15F5352F}.Mock|iPhoneSimulator.Build.0 = Debug|Any CPU
		{9E12D69F-C10C-459B-B343-54CEEF4C2B74}.Debug|Any CPU.ActiveCfg = Debug|Any CPU
		{9E12D69F-C10C-459B-B343-54CEEF4C2B74}.Debug|Any CPU.Build.0 = Debug|Any CPU
		{9E12D69F-C10C-459B-B343-54CEEF4C2B74}.Debug|iPhone.ActiveCfg = Debug|Any CPU
		{9E12D69F-C10C-459B-B343-54CEEF4C2B74}.Debug|iPhone.Build.0 = Debug|Any CPU
		{9E12D69F-C10C-459B-B343-54CEEF4C2B74}.Debug|iPhoneSimulator.ActiveCfg = Debug|Any CPU
		{9E12D69F-C10C-459B-B343-54CEEF4C2B74}.Debug|iPhoneSimulator.Build.0 = Debug|Any CPU
		{9E12D69F-C10C-459B-B343-54CEEF4C2B74}.Release|Any CPU.ActiveCfg = Release|Any CPU
		{9E12D69F-C10C-459B-B343-54CEEF4C2B74}.Release|Any CPU.Build.0 = Release|Any CPU
		{9E12D69F-C10C-459B-B343-54CEEF4C2B74}.Release|iPhone.ActiveCfg = Release|Any CPU
		{9E12D69F-C10C-459B-B343-54CEEF4C2B74}.Release|iPhone.Build.0 = Release|Any CPU
		{9E12D69F-C10C-459B-B343-54CEEF4C2B74}.Release|iPhoneSimulator.ActiveCfg = Release|Any CPU
		{9E12D69F-C10C-459B-B343-54CEEF4C2B74}.Release|iPhoneSimulator.Build.0 = Release|Any CPU
		{9E12D69F-C10C-459B-B343-54CEEF4C2B74}.Mock|Any CPU.ActiveCfg = Debug|Any CPU
		{9E12D69F-C10C-459B-B343-54CEEF4C2B74}.Mock|Any CPU.Build.0 = Debug|Any CPU
		{9E12D69F-C10C-459B-B343-54CEEF4C2B74}.Ad-Hoc|iPhone.ActiveCfg = Debug|Any CPU
		{9E12D69F-C10C-459B-B343-54CEEF4C2B74}.Ad-Hoc|iPhone.Build.0 = Debug|Any CPU
		{9E12D69F-C10C-459B-B343-54CEEF4C2B74}.AppStore|iPhone.ActiveCfg = Debug|Any CPU
		{9E12D69F-C10C-459B-B343-54CEEF4C2B74}.AppStore|iPhone.Build.0 = Debug|Any CPU
		{9E12D69F-C10C-459B-B343-54CEEF4C2B74}.Mock|iPhone.ActiveCfg = Debug|Any CPU
		{9E12D69F-C10C-459B-B343-54CEEF4C2B74}.Mock|iPhone.Build.0 = Debug|Any CPU
		{9E12D69F-C10C-459B-B343-54CEEF4C2B74}.Mock|iPhoneSimulator.ActiveCfg = Debug|Any CPU
		{9E12D69F-C10C-459B-B343-54CEEF4C2B74}.Mock|iPhoneSimulator.Build.0 = Debug|Any CPU
		{321823D9-C437-449A-AAEF-034732CD4E62}.Debug|Any CPU.ActiveCfg = Debug|Any CPU
		{321823D9-C437-449A-AAEF-034732CD4E62}.Debug|Any CPU.Build.0 = Debug|Any CPU
		{321823D9-C437-449A-AAEF-034732CD4E62}.Debug|iPhone.ActiveCfg = Debug|Any CPU
		{321823D9-C437-449A-AAEF-034732CD4E62}.Debug|iPhone.Build.0 = Debug|Any CPU
		{321823D9-C437-449A-AAEF-034732CD4E62}.Debug|iPhoneSimulator.ActiveCfg = Debug|Any CPU
		{321823D9-C437-449A-AAEF-034732CD4E62}.Debug|iPhoneSimulator.Build.0 = Debug|Any CPU
		{321823D9-C437-449A-AAEF-034732CD4E62}.Release|Any CPU.ActiveCfg = Release|Any CPU
		{321823D9-C437-449A-AAEF-034732CD4E62}.Release|Any CPU.Build.0 = Release|Any CPU
		{321823D9-C437-449A-AAEF-034732CD4E62}.Release|iPhone.ActiveCfg = Release|Any CPU
		{321823D9-C437-449A-AAEF-034732CD4E62}.Release|iPhone.Build.0 = Release|Any CPU
		{321823D9-C437-449A-AAEF-034732CD4E62}.Release|iPhoneSimulator.ActiveCfg = Release|Any CPU
		{321823D9-C437-449A-AAEF-034732CD4E62}.Release|iPhoneSimulator.Build.0 = Release|Any CPU
		{321823D9-C437-449A-AAEF-034732CD4E62}.Mock|Any CPU.ActiveCfg = Debug|Any CPU
		{321823D9-C437-449A-AAEF-034732CD4E62}.Mock|Any CPU.Build.0 = Debug|Any CPU
		{321823D9-C437-449A-AAEF-034732CD4E62}.Ad-Hoc|iPhone.ActiveCfg = Debug|Any CPU
		{321823D9-C437-449A-AAEF-034732CD4E62}.Ad-Hoc|iPhone.Build.0 = Debug|Any CPU
		{321823D9-C437-449A-AAEF-034732CD4E62}.AppStore|iPhone.ActiveCfg = Debug|Any CPU
		{321823D9-C437-449A-AAEF-034732CD4E62}.AppStore|iPhone.Build.0 = Debug|Any CPU
		{321823D9-C437-449A-AAEF-034732CD4E62}.Mock|iPhone.ActiveCfg = Debug|Any CPU
		{321823D9-C437-449A-AAEF-034732CD4E62}.Mock|iPhone.Build.0 = Debug|Any CPU
		{321823D9-C437-449A-AAEF-034732CD4E62}.Mock|iPhoneSimulator.ActiveCfg = Debug|Any CPU
		{321823D9-C437-449A-AAEF-034732CD4E62}.Mock|iPhoneSimulator.Build.0 = Debug|Any CPU
		{3FDA1E44-650F-497F-9A73-CC042D76C7B5}.Debug|Any CPU.ActiveCfg = Debug|Any CPU
		{3FDA1E44-650F-497F-9A73-CC042D76C7B5}.Debug|Any CPU.Build.0 = Debug|Any CPU
		{3FDA1E44-650F-497F-9A73-CC042D76C7B5}.Debug|iPhone.ActiveCfg = Debug|Any CPU
		{3FDA1E44-650F-497F-9A73-CC042D76C7B5}.Debug|iPhone.Build.0 = Debug|Any CPU
		{3FDA1E44-650F-497F-9A73-CC042D76C7B5}.Debug|iPhoneSimulator.ActiveCfg = Debug|Any CPU
		{3FDA1E44-650F-497F-9A73-CC042D76C7B5}.Debug|iPhoneSimulator.Build.0 = Debug|Any CPU
		{3FDA1E44-650F-497F-9A73-CC042D76C7B5}.Release|Any CPU.ActiveCfg = Release|Any CPU
		{3FDA1E44-650F-497F-9A73-CC042D76C7B5}.Release|Any CPU.Build.0 = Release|Any CPU
		{3FDA1E44-650F-497F-9A73-CC042D76C7B5}.Release|iPhone.ActiveCfg = Release|Any CPU
		{3FDA1E44-650F-497F-9A73-CC042D76C7B5}.Release|iPhone.Build.0 = Release|Any CPU
		{3FDA1E44-650F-497F-9A73-CC042D76C7B5}.Release|iPhoneSimulator.ActiveCfg = Release|Any CPU
		{3FDA1E44-650F-497F-9A73-CC042D76C7B5}.Release|iPhoneSimulator.Build.0 = Release|Any CPU
		{3FDA1E44-650F-497F-9A73-CC042D76C7B5}.Mock|Any CPU.ActiveCfg = Debug|Any CPU
		{3FDA1E44-650F-497F-9A73-CC042D76C7B5}.Mock|Any CPU.Build.0 = Debug|Any CPU
		{3FDA1E44-650F-497F-9A73-CC042D76C7B5}.Ad-Hoc|iPhone.ActiveCfg = Debug|Any CPU
		{3FDA1E44-650F-497F-9A73-CC042D76C7B5}.Ad-Hoc|iPhone.Build.0 = Debug|Any CPU
		{3FDA1E44-650F-497F-9A73-CC042D76C7B5}.AppStore|iPhone.ActiveCfg = Debug|Any CPU
		{3FDA1E44-650F-497F-9A73-CC042D76C7B5}.AppStore|iPhone.Build.0 = Debug|Any CPU
		{3FDA1E44-650F-497F-9A73-CC042D76C7B5}.Mock|iPhone.ActiveCfg = Debug|Any CPU
		{3FDA1E44-650F-497F-9A73-CC042D76C7B5}.Mock|iPhone.Build.0 = Debug|Any CPU
		{3FDA1E44-650F-497F-9A73-CC042D76C7B5}.Mock|iPhoneSimulator.ActiveCfg = Debug|Any CPU
		{3FDA1E44-650F-497F-9A73-CC042D76C7B5}.Mock|iPhoneSimulator.Build.0 = Debug|Any CPU
		{997811D1-08F5-4688-88B2-A93E6BF5AA1E}.Debug|Any CPU.ActiveCfg = Debug|Any CPU
		{997811D1-08F5-4688-88B2-A93E6BF5AA1E}.Debug|Any CPU.Build.0 = Debug|Any CPU
		{997811D1-08F5-4688-88B2-A93E6BF5AA1E}.Debug|iPhone.ActiveCfg = Debug|Any CPU
		{997811D1-08F5-4688-88B2-A93E6BF5AA1E}.Debug|iPhone.Build.0 = Debug|Any CPU
		{997811D1-08F5-4688-88B2-A93E6BF5AA1E}.Debug|iPhoneSimulator.ActiveCfg = Debug|Any CPU
		{997811D1-08F5-4688-88B2-A93E6BF5AA1E}.Debug|iPhoneSimulator.Build.0 = Debug|Any CPU
		{997811D1-08F5-4688-88B2-A93E6BF5AA1E}.Release|Any CPU.ActiveCfg = Release|Any CPU
		{997811D1-08F5-4688-88B2-A93E6BF5AA1E}.Release|Any CPU.Build.0 = Release|Any CPU
		{997811D1-08F5-4688-88B2-A93E6BF5AA1E}.Release|iPhone.ActiveCfg = Release|Any CPU
		{997811D1-08F5-4688-88B2-A93E6BF5AA1E}.Release|iPhone.Build.0 = Release|Any CPU
		{997811D1-08F5-4688-88B2-A93E6BF5AA1E}.Release|iPhoneSimulator.ActiveCfg = Release|Any CPU
		{997811D1-08F5-4688-88B2-A93E6BF5AA1E}.Release|iPhoneSimulator.Build.0 = Release|Any CPU
		{997811D1-08F5-4688-88B2-A93E6BF5AA1E}.Mock|Any CPU.ActiveCfg = Debug|Any CPU
		{997811D1-08F5-4688-88B2-A93E6BF5AA1E}.Mock|Any CPU.Build.0 = Debug|Any CPU
		{997811D1-08F5-4688-88B2-A93E6BF5AA1E}.Ad-Hoc|iPhone.ActiveCfg = Debug|Any CPU
		{997811D1-08F5-4688-88B2-A93E6BF5AA1E}.Ad-Hoc|iPhone.Build.0 = Debug|Any CPU
		{997811D1-08F5-4688-88B2-A93E6BF5AA1E}.AppStore|iPhone.ActiveCfg = Debug|Any CPU
		{997811D1-08F5-4688-88B2-A93E6BF5AA1E}.AppStore|iPhone.Build.0 = Debug|Any CPU
		{997811D1-08F5-4688-88B2-A93E6BF5AA1E}.Mock|iPhone.ActiveCfg = Debug|Any CPU
		{997811D1-08F5-4688-88B2-A93E6BF5AA1E}.Mock|iPhone.Build.0 = Debug|Any CPU
		{997811D1-08F5-4688-88B2-A93E6BF5AA1E}.Mock|iPhoneSimulator.ActiveCfg = Debug|Any CPU
		{997811D1-08F5-4688-88B2-A93E6BF5AA1E}.Mock|iPhoneSimulator.Build.0 = Debug|Any CPU
		{C3C45AC1-0BE6-4387-9E61-5E49BBA01E1A}.Debug|Any CPU.ActiveCfg = Debug|Any CPU
		{C3C45AC1-0BE6-4387-9E61-5E49BBA01E1A}.Debug|Any CPU.Build.0 = Debug|Any CPU
		{C3C45AC1-0BE6-4387-9E61-5E49BBA01E1A}.Debug|iPhone.ActiveCfg = Debug|Any CPU
		{C3C45AC1-0BE6-4387-9E61-5E49BBA01E1A}.Debug|iPhone.Build.0 = Debug|Any CPU
		{C3C45AC1-0BE6-4387-9E61-5E49BBA01E1A}.Debug|iPhoneSimulator.ActiveCfg = Debug|Any CPU
		{C3C45AC1-0BE6-4387-9E61-5E49BBA01E1A}.Debug|iPhoneSimulator.Build.0 = Debug|Any CPU
		{C3C45AC1-0BE6-4387-9E61-5E49BBA01E1A}.Release|Any CPU.ActiveCfg = Release|Any CPU
		{C3C45AC1-0BE6-4387-9E61-5E49BBA01E1A}.Release|Any CPU.Build.0 = Release|Any CPU
		{C3C45AC1-0BE6-4387-9E61-5E49BBA01E1A}.Release|iPhone.ActiveCfg = Release|Any CPU
		{C3C45AC1-0BE6-4387-9E61-5E49BBA01E1A}.Release|iPhone.Build.0 = Release|Any CPU
		{C3C45AC1-0BE6-4387-9E61-5E49BBA01E1A}.Release|iPhoneSimulator.ActiveCfg = Release|Any CPU
		{C3C45AC1-0BE6-4387-9E61-5E49BBA01E1A}.Release|iPhoneSimulator.Build.0 = Release|Any CPU
		{C3C45AC1-0BE6-4387-9E61-5E49BBA01E1A}.Mock|Any CPU.ActiveCfg = Mock|Any CPU
		{C3C45AC1-0BE6-4387-9E61-5E49BBA01E1A}.Mock|Any CPU.Build.0 = Mock|Any CPU
		{C3C45AC1-0BE6-4387-9E61-5E49BBA01E1A}.Ad-Hoc|iPhone.ActiveCfg = Debug|Any CPU
		{C3C45AC1-0BE6-4387-9E61-5E49BBA01E1A}.Ad-Hoc|iPhone.Build.0 = Debug|Any CPU
		{C3C45AC1-0BE6-4387-9E61-5E49BBA01E1A}.AppStore|iPhone.ActiveCfg = Debug|Any CPU
		{C3C45AC1-0BE6-4387-9E61-5E49BBA01E1A}.AppStore|iPhone.Build.0 = Debug|Any CPU
		{C3C45AC1-0BE6-4387-9E61-5E49BBA01E1A}.Mock|iPhone.ActiveCfg = Mock|Any CPU
		{C3C45AC1-0BE6-4387-9E61-5E49BBA01E1A}.Mock|iPhone.Build.0 = Mock|Any CPU
		{C3C45AC1-0BE6-4387-9E61-5E49BBA01E1A}.Mock|iPhoneSimulator.ActiveCfg = Mock|Any CPU
		{C3C45AC1-0BE6-4387-9E61-5E49BBA01E1A}.Mock|iPhoneSimulator.Build.0 = Mock|Any CPU
		{596F0CCC-53CF-42B0-B56A-7B902C38BB0F}.Debug|Any CPU.ActiveCfg = Debug|Any CPU
		{596F0CCC-53CF-42B0-B56A-7B902C38BB0F}.Debug|Any CPU.Build.0 = Debug|Any CPU
		{596F0CCC-53CF-42B0-B56A-7B902C38BB0F}.Debug|iPhone.ActiveCfg = Debug|Any CPU
		{596F0CCC-53CF-42B0-B56A-7B902C38BB0F}.Debug|iPhone.Build.0 = Debug|Any CPU
		{596F0CCC-53CF-42B0-B56A-7B902C38BB0F}.Debug|iPhoneSimulator.ActiveCfg = Debug|Any CPU
		{596F0CCC-53CF-42B0-B56A-7B902C38BB0F}.Debug|iPhoneSimulator.Build.0 = Debug|Any CPU
		{596F0CCC-53CF-42B0-B56A-7B902C38BB0F}.Release|Any CPU.ActiveCfg = Release|Any CPU
		{596F0CCC-53CF-42B0-B56A-7B902C38BB0F}.Release|Any CPU.Build.0 = Release|Any CPU
		{596F0CCC-53CF-42B0-B56A-7B902C38BB0F}.Release|iPhone.ActiveCfg = Release|Any CPU
		{596F0CCC-53CF-42B0-B56A-7B902C38BB0F}.Release|iPhone.Build.0 = Release|Any CPU
		{596F0CCC-53CF-42B0-B56A-7B902C38BB0F}.Release|iPhoneSimulator.ActiveCfg = Release|Any CPU
		{596F0CCC-53CF-42B0-B56A-7B902C38BB0F}.Release|iPhoneSimulator.Build.0 = Release|Any CPU
		{596F0CCC-53CF-42B0-B56A-7B902C38BB0F}.Mock|Any CPU.ActiveCfg = Mock|Any CPU
		{596F0CCC-53CF-42B0-B56A-7B902C38BB0F}.Mock|Any CPU.Build.0 = Mock|Any CPU
		{596F0CCC-53CF-42B0-B56A-7B902C38BB0F}.Ad-Hoc|iPhone.ActiveCfg = Debug|Any CPU
		{596F0CCC-53CF-42B0-B56A-7B902C38BB0F}.Ad-Hoc|iPhone.Build.0 = Debug|Any CPU
		{596F0CCC-53CF-42B0-B56A-7B902C38BB0F}.AppStore|iPhone.ActiveCfg = Debug|Any CPU
		{596F0CCC-53CF-42B0-B56A-7B902C38BB0F}.AppStore|iPhone.Build.0 = Debug|Any CPU
		{596F0CCC-53CF-42B0-B56A-7B902C38BB0F}.Mock|iPhone.ActiveCfg = Mock|Any CPU
		{596F0CCC-53CF-42B0-B56A-7B902C38BB0F}.Mock|iPhone.Build.0 = Mock|Any CPU
		{596F0CCC-53CF-42B0-B56A-7B902C38BB0F}.Mock|iPhoneSimulator.ActiveCfg = Mock|Any CPU
		{596F0CCC-53CF-42B0-B56A-7B902C38BB0F}.Mock|iPhoneSimulator.Build.0 = Mock|Any CPU
		{0675FAF6-30EC-4565-B591-A9ECA3C1B22A}.Debug|Any CPU.ActiveCfg = Debug|iPhoneSimulator
		{0675FAF6-30EC-4565-B591-A9ECA3C1B22A}.Debug|Any CPU.Build.0 = Debug|iPhoneSimulator
		{0675FAF6-30EC-4565-B591-A9ECA3C1B22A}.Debug|iPhone.ActiveCfg = Debug|iPhone
		{0675FAF6-30EC-4565-B591-A9ECA3C1B22A}.Debug|iPhone.Build.0 = Debug|iPhone
		{0675FAF6-30EC-4565-B591-A9ECA3C1B22A}.Debug|iPhoneSimulator.ActiveCfg = Debug|iPhoneSimulator
		{0675FAF6-30EC-4565-B591-A9ECA3C1B22A}.Debug|iPhoneSimulator.Build.0 = Debug|iPhoneSimulator
		{0675FAF6-30EC-4565-B591-A9ECA3C1B22A}.Release|Any CPU.ActiveCfg = Release|iPhoneSimulator
		{0675FAF6-30EC-4565-B591-A9ECA3C1B22A}.Release|Any CPU.Build.0 = Release|iPhoneSimulator
		{0675FAF6-30EC-4565-B591-A9ECA3C1B22A}.Release|iPhone.ActiveCfg = Release|iPhone
		{0675FAF6-30EC-4565-B591-A9ECA3C1B22A}.Release|iPhone.Build.0 = Release|iPhone
		{0675FAF6-30EC-4565-B591-A9ECA3C1B22A}.Release|iPhoneSimulator.ActiveCfg = Release|iPhoneSimulator
		{0675FAF6-30EC-4565-B591-A9ECA3C1B22A}.Release|iPhoneSimulator.Build.0 = Release|iPhoneSimulator
		{0675FAF6-30EC-4565-B591-A9ECA3C1B22A}.Mock|Any CPU.ActiveCfg = Mock|iPhone
		{0675FAF6-30EC-4565-B591-A9ECA3C1B22A}.Mock|Any CPU.Build.0 = Mock|iPhone
		{0675FAF6-30EC-4565-B591-A9ECA3C1B22A}.Ad-Hoc|iPhone.ActiveCfg = Ad-Hoc|iPhone
		{0675FAF6-30EC-4565-B591-A9ECA3C1B22A}.Ad-Hoc|iPhone.Build.0 = Ad-Hoc|iPhone
		{0675FAF6-30EC-4565-B591-A9ECA3C1B22A}.AppStore|iPhone.ActiveCfg = AppStore|iPhone
		{0675FAF6-30EC-4565-B591-A9ECA3C1B22A}.AppStore|iPhone.Build.0 = AppStore|iPhone
		{0675FAF6-30EC-4565-B591-A9ECA3C1B22A}.Mock|iPhone.ActiveCfg = Mock|iPhone
		{0675FAF6-30EC-4565-B591-A9ECA3C1B22A}.Mock|iPhone.Build.0 = Mock|iPhone
		{0675FAF6-30EC-4565-B591-A9ECA3C1B22A}.Mock|iPhoneSimulator.ActiveCfg = Mock|iPhoneSimulator
		{0675FAF6-30EC-4565-B591-A9ECA3C1B22A}.Mock|iPhoneSimulator.Build.0 = Mock|iPhoneSimulator
		{EB352151-F309-4B1F-BAC3-35D0326CDC34}.Debug|Any CPU.ActiveCfg = Debug|ARM
		{EB352151-F309-4B1F-BAC3-35D0326CDC34}.Debug|Any CPU.Build.0 = Debug|ARM
		{EB352151-F309-4B1F-BAC3-35D0326CDC34}.Debug|iPhone.ActiveCfg = Debug|ARM
		{EB352151-F309-4B1F-BAC3-35D0326CDC34}.Debug|iPhone.Build.0 = Debug|ARM
		{EB352151-F309-4B1F-BAC3-35D0326CDC34}.Debug|iPhoneSimulator.ActiveCfg = Debug|ARM
		{EB352151-F309-4B1F-BAC3-35D0326CDC34}.Debug|iPhoneSimulator.Build.0 = Debug|ARM
		{EB352151-F309-4B1F-BAC3-35D0326CDC34}.Release|Any CPU.ActiveCfg = Release|ARM
		{EB352151-F309-4B1F-BAC3-35D0326CDC34}.Release|Any CPU.Build.0 = Release|ARM
		{EB352151-F309-4B1F-BAC3-35D0326CDC34}.Release|iPhone.ActiveCfg = Release|ARM
		{EB352151-F309-4B1F-BAC3-35D0326CDC34}.Release|iPhone.Build.0 = Release|ARM
		{EB352151-F309-4B1F-BAC3-35D0326CDC34}.Release|iPhoneSimulator.ActiveCfg = Release|ARM
		{EB352151-F309-4B1F-BAC3-35D0326CDC34}.Release|iPhoneSimulator.Build.0 = Release|ARM
		{EB352151-F309-4B1F-BAC3-35D0326CDC34}.Mock|Any CPU.ActiveCfg = Mock|ARM
		{EB352151-F309-4B1F-BAC3-35D0326CDC34}.Mock|Any CPU.Build.0 = Mock|ARM
		{EB352151-F309-4B1F-BAC3-35D0326CDC34}.Ad-Hoc|iPhone.ActiveCfg = Mock|ARM
		{EB352151-F309-4B1F-BAC3-35D0326CDC34}.Ad-Hoc|iPhone.Build.0 = Mock|ARM
		{EB352151-F309-4B1F-BAC3-35D0326CDC34}.AppStore|iPhone.ActiveCfg = Mock|ARM
		{EB352151-F309-4B1F-BAC3-35D0326CDC34}.AppStore|iPhone.Build.0 = Mock|ARM
		{EB352151-F309-4B1F-BAC3-35D0326CDC34}.Mock|iPhone.ActiveCfg = Mock|ARM
		{EB352151-F309-4B1F-BAC3-35D0326CDC34}.Mock|iPhone.Build.0 = Mock|ARM
		{EB352151-F309-4B1F-BAC3-35D0326CDC34}.Mock|iPhoneSimulator.ActiveCfg = Mock|ARM
		{EB352151-F309-4B1F-BAC3-35D0326CDC34}.Mock|iPhoneSimulator.Build.0 = Mock|ARM
	EndGlobalSection
	GlobalSection(SolutionProperties) = preSolution
		HideSolutionNode = FALSE
	EndGlobalSection
	GlobalSection(NestedProjects) = preSolution
		{A04B12E0-7559-4683-ABB8-B84D15F5352F} = {91D9075B-51A0-461B-B197-2DB95A392BFF}
		{7A133469-C47F-4EB1-A6B9-FF6E3474B2E4} = {91D9075B-51A0-461B-B197-2DB95A392BFF}
		{9E12D69F-C10C-459B-B343-54CEEF4C2B74} = {91D9075B-51A0-461B-B197-2DB95A392BFF}
		{321823D9-C437-449A-AAEF-034732CD4E62} = {91D9075B-51A0-461B-B197-2DB95A392BFF}
		{3FDA1E44-650F-497F-9A73-CC042D76C7B5} = {91D9075B-51A0-461B-B197-2DB95A392BFF}
		{997811D1-08F5-4688-88B2-A93E6BF5AA1E} = {91D9075B-51A0-461B-B197-2DB95A392BFF}
		{C3C45AC1-0BE6-4387-9E61-5E49BBA01E1A} = {513D48FE-B45D-431E-90A4-D48991B229CF}
		{596F0CCC-53CF-42B0-B56A-7B902C38BB0F} = {513D48FE-B45D-431E-90A4-D48991B229CF}
		{0675FAF6-30EC-4565-B591-A9ECA3C1B22A} = {513D48FE-B45D-431E-90A4-D48991B229CF}
		{EB352151-F309-4B1F-BAC3-35D0326CDC34} = {513D48FE-B45D-431E-90A4-D48991B229CF}
	EndGlobalSection
EndGlobal
