Microsoft Visual Studio Solution File, Format Version 12.00
# Visual Studio 15
VisualStudioVersion = 15.0.27130.2010
MinimumVisualStudioVersion = 10.0.40219.1
Project("{FAE04EC0-301F-11D3-BF4B-00C04F79EFBC}") = "PopupPluginSample.iOS", "src\PopupPluginSample.iOS\PopupPluginSample.iOS.csproj", "{0675FAF6-30EC-4565-B591-A9ECA3C1B22A}"
EndProject
Project("{FAE04EC0-301F-11D3-BF4B-00C04F79EFBC}") = "PopupPluginSample.Droid", "src\PopupPluginSample.Droid\PopupPluginSample.Droid.csproj", "{596F0CCC-53CF-42B0-B56A-7B902C38BB0F}"
EndProject
Project("{2150E333-8FDC-42A3-9474-1A3956D46DE8}") = "src", "src", "{DA1A5447-C2B7-4A1E-9E49-B94CB1566AF2}"
EndProject
Project("{9A19103F-16F7-4668-BE54-9A1E7A4F7556}") = "PopupPluginSample", "src\PopupPluginSample\PopupPluginSample.csproj", "{E9FD3F4D-9C33-4DCF-BEDE-3D4E6D8602F2}"
EndProject
Project("{2150E333-8FDC-42A3-9474-1A3956D46DE8}") = "Plugin", "Plugin", "{5C55349D-74DD-4151-83B3-8DCC9FF8739C}"
EndProject
Project("{9A19103F-16F7-4668-BE54-9A1E7A4F7556}") = "Prism.Plugin.Popups", "..\src\Prism.Plugin.Popups\Prism.Plugin.Popups.csproj", "{5A5F56DC-E5DC-4120-BE85-390A44B77E05}"
EndProject
Global
	GlobalSection(SolutionConfigurationPlatforms) = preSolution
		Debug|Any CPU = Debug|Any CPU
		Debug|iPhone = Debug|iPhone
		Debug|iPhoneSimulator = Debug|iPhoneSimulator
		Debug|x64 = Debug|x64
		Debug|x86 = Debug|x86
		Release|Any CPU = Release|Any CPU
		Release|iPhone = Release|iPhone
		Release|iPhoneSimulator = Release|iPhoneSimulator
		Release|x64 = Release|x64
		Release|x86 = Release|x86
	EndGlobalSection
	GlobalSection(ProjectConfigurationPlatforms) = postSolution
		{0675FAF6-30EC-4565-B591-A9ECA3C1B22A}.Debug|Any CPU.ActiveCfg = Debug|iPhoneSimulator
		{0675FAF6-30EC-4565-B591-A9ECA3C1B22A}.Debug|Any CPU.Build.0 = Debug|iPhoneSimulator
		{0675FAF6-30EC-4565-B591-A9ECA3C1B22A}.Debug|iPhone.ActiveCfg = Debug|iPhone
		{0675FAF6-30EC-4565-B591-A9ECA3C1B22A}.Debug|iPhone.Build.0 = Debug|iPhone
		{0675FAF6-30EC-4565-B591-A9ECA3C1B22A}.Debug|iPhoneSimulator.ActiveCfg = Debug|iPhoneSimulator
		{0675FAF6-30EC-4565-B591-A9ECA3C1B22A}.Debug|iPhoneSimulator.Build.0 = Debug|iPhoneSimulator
		{0675FAF6-30EC-4565-B591-A9ECA3C1B22A}.Debug|x64.ActiveCfg = Debug|iPhone
		{0675FAF6-30EC-4565-B591-A9ECA3C1B22A}.Debug|x86.ActiveCfg = Debug|iPhone
		{0675FAF6-30EC-4565-B591-A9ECA3C1B22A}.Release|Any CPU.ActiveCfg = Release|iPhone
		{0675FAF6-30EC-4565-B591-A9ECA3C1B22A}.Release|Any CPU.Build.0 = Release|iPhone
		{0675FAF6-30EC-4565-B591-A9ECA3C1B22A}.Release|iPhone.ActiveCfg = Release|iPhone
		{0675FAF6-30EC-4565-B591-A9ECA3C1B22A}.Release|iPhone.Build.0 = Release|iPhone
		{0675FAF6-30EC-4565-B591-A9ECA3C1B22A}.Release|iPhoneSimulator.ActiveCfg = Release|iPhoneSimulator
		{0675FAF6-30EC-4565-B591-A9ECA3C1B22A}.Release|iPhoneSimulator.Build.0 = Release|iPhoneSimulator
		{0675FAF6-30EC-4565-B591-A9ECA3C1B22A}.Release|x64.ActiveCfg = Release|iPhoneSimulator
		{0675FAF6-30EC-4565-B591-A9ECA3C1B22A}.Release|x86.ActiveCfg = Release|iPhoneSimulator
		{596F0CCC-53CF-42B0-B56A-7B902C38BB0F}.Debug|Any CPU.ActiveCfg = Debug|Any CPU
		{596F0CCC-53CF-42B0-B56A-7B902C38BB0F}.Debug|Any CPU.Build.0 = Debug|Any CPU
		{596F0CCC-53CF-42B0-B56A-7B902C38BB0F}.Debug|iPhone.ActiveCfg = Debug|Any CPU
		{596F0CCC-53CF-42B0-B56A-7B902C38BB0F}.Debug|iPhoneSimulator.ActiveCfg = Debug|Any CPU
		{596F0CCC-53CF-42B0-B56A-7B902C38BB0F}.Debug|x64.ActiveCfg = Debug|Any CPU
		{596F0CCC-53CF-42B0-B56A-7B902C38BB0F}.Debug|x64.Build.0 = Debug|Any CPU
		{596F0CCC-53CF-42B0-B56A-7B902C38BB0F}.Debug|x64.Deploy.0 = Debug|Any CPU
		{596F0CCC-53CF-42B0-B56A-7B902C38BB0F}.Debug|x86.ActiveCfg = Debug|Any CPU
		{596F0CCC-53CF-42B0-B56A-7B902C38BB0F}.Debug|x86.Build.0 = Debug|Any CPU
		{596F0CCC-53CF-42B0-B56A-7B902C38BB0F}.Debug|x86.Deploy.0 = Debug|Any CPU
		{596F0CCC-53CF-42B0-B56A-7B902C38BB0F}.Release|Any CPU.ActiveCfg = Release|Any CPU
		{596F0CCC-53CF-42B0-B56A-7B902C38BB0F}.Release|Any CPU.Build.0 = Release|Any CPU
		{596F0CCC-53CF-42B0-B56A-7B902C38BB0F}.Release|iPhone.ActiveCfg = Release|Any CPU
		{596F0CCC-53CF-42B0-B56A-7B902C38BB0F}.Release|iPhoneSimulator.ActiveCfg = Release|Any CPU
		{596F0CCC-53CF-42B0-B56A-7B902C38BB0F}.Release|x64.ActiveCfg = Release|Any CPU
		{596F0CCC-53CF-42B0-B56A-7B902C38BB0F}.Release|x64.Build.0 = Release|Any CPU
		{596F0CCC-53CF-42B0-B56A-7B902C38BB0F}.Release|x64.Deploy.0 = Release|Any CPU
		{596F0CCC-53CF-42B0-B56A-7B902C38BB0F}.Release|x86.ActiveCfg = Release|Any CPU
		{596F0CCC-53CF-42B0-B56A-7B902C38BB0F}.Release|x86.Build.0 = Release|Any CPU
		{596F0CCC-53CF-42B0-B56A-7B902C38BB0F}.Release|x86.Deploy.0 = Release|Any CPU
		{E9FD3F4D-9C33-4DCF-BEDE-3D4E6D8602F2}.Debug|Any CPU.ActiveCfg = Debug|Any CPU
		{E9FD3F4D-9C33-4DCF-BEDE-3D4E6D8602F2}.Debug|Any CPU.Build.0 = Debug|Any CPU
		{E9FD3F4D-9C33-4DCF-BEDE-3D4E6D8602F2}.Debug|iPhone.ActiveCfg = Debug|Any CPU
		{E9FD3F4D-9C33-4DCF-BEDE-3D4E6D8602F2}.Debug|iPhone.Build.0 = Debug|Any CPU
		{E9FD3F4D-9C33-4DCF-BEDE-3D4E6D8602F2}.Debug|iPhoneSimulator.ActiveCfg = Debug|Any CPU
		{E9FD3F4D-9C33-4DCF-BEDE-3D4E6D8602F2}.Debug|iPhoneSimulator.Build.0 = Debug|Any CPU
		{E9FD3F4D-9C33-4DCF-BEDE-3D4E6D8602F2}.Debug|x64.ActiveCfg = Debug|Any CPU
		{E9FD3F4D-9C33-4DCF-BEDE-3D4E6D8602F2}.Debug|x64.Build.0 = Debug|Any CPU
		{E9FD3F4D-9C33-4DCF-BEDE-3D4E6D8602F2}.Debug|x86.ActiveCfg = Debug|Any CPU
		{E9FD3F4D-9C33-4DCF-BEDE-3D4E6D8602F2}.Debug|x86.Build.0 = Debug|Any CPU
		{E9FD3F4D-9C33-4DCF-BEDE-3D4E6D8602F2}.Release|Any CPU.ActiveCfg = Release|Any CPU
		{E9FD3F4D-9C33-4DCF-BEDE-3D4E6D8602F2}.Release|Any CPU.Build.0 = Release|Any CPU
		{E9FD3F4D-9C33-4DCF-BEDE-3D4E6D8602F2}.Release|iPhone.ActiveCfg = Release|Any CPU
		{E9FD3F4D-9C33-4DCF-BEDE-3D4E6D8602F2}.Release|iPhone.Build.0 = Release|Any CPU
		{E9FD3F4D-9C33-4DCF-BEDE-3D4E6D8602F2}.Release|iPhoneSimulator.ActiveCfg = Release|Any CPU
		{E9FD3F4D-9C33-4DCF-BEDE-3D4E6D8602F2}.Release|iPhoneSimulator.Build.0 = Release|Any CPU
		{E9FD3F4D-9C33-4DCF-BEDE-3D4E6D8602F2}.Release|x64.ActiveCfg = Release|Any CPU
		{E9FD3F4D-9C33-4DCF-BEDE-3D4E6D8602F2}.Release|x64.Build.0 = Release|Any CPU
		{E9FD3F4D-9C33-4DCF-BEDE-3D4E6D8602F2}.Release|x86.ActiveCfg = Release|Any CPU
		{E9FD3F4D-9C33-4DCF-BEDE-3D4E6D8602F2}.Release|x86.Build.0 = Release|Any CPU
		{5A5F56DC-E5DC-4120-BE85-390A44B77E05}.Debug|Any CPU.ActiveCfg = Debug|Any CPU
		{5A5F56DC-E5DC-4120-BE85-390A44B77E05}.Debug|Any CPU.Build.0 = Debug|Any CPU
		{5A5F56DC-E5DC-4120-BE85-390A44B77E05}.Debug|iPhone.ActiveCfg = Debug|Any CPU
		{5A5F56DC-E5DC-4120-BE85-390A44B77E05}.Debug|iPhone.Build.0 = Debug|Any CPU
		{5A5F56DC-E5DC-4120-BE85-390A44B77E05}.Debug|iPhoneSimulator.ActiveCfg = Debug|Any CPU
		{5A5F56DC-E5DC-4120-BE85-390A44B77E05}.Debug|iPhoneSimulator.Build.0 = Debug|Any CPU
		{5A5F56DC-E5DC-4120-BE85-390A44B77E05}.Debug|x64.ActiveCfg = Debug|Any CPU
		{5A5F56DC-E5DC-4120-BE85-390A44B77E05}.Debug|x64.Build.0 = Debug|Any CPU
		{5A5F56DC-E5DC-4120-BE85-390A44B77E05}.Debug|x86.ActiveCfg = Debug|Any CPU
		{5A5F56DC-E5DC-4120-BE85-390A44B77E05}.Debug|x86.Build.0 = Debug|Any CPU
		{5A5F56DC-E5DC-4120-BE85-390A44B77E05}.Release|Any CPU.ActiveCfg = Release|Any CPU
		{5A5F56DC-E5DC-4120-BE85-390A44B77E05}.Release|Any CPU.Build.0 = Release|Any CPU
		{5A5F56DC-E5DC-4120-BE85-390A44B77E05}.Release|iPhone.ActiveCfg = Release|Any CPU
		{5A5F56DC-E5DC-4120-BE85-390A44B77E05}.Release|iPhone.Build.0 = Release|Any CPU
		{5A5F56DC-E5DC-4120-BE85-390A44B77E05}.Release|iPhoneSimulator.ActiveCfg = Release|Any CPU
		{5A5F56DC-E5DC-4120-BE85-390A44B77E05}.Release|iPhoneSimulator.Build.0 = Release|Any CPU
		{5A5F56DC-E5DC-4120-BE85-390A44B77E05}.Release|x64.ActiveCfg = Release|Any CPU
		{5A5F56DC-E5DC-4120-BE85-390A44B77E05}.Release|x64.Build.0 = Release|Any CPU
		{5A5F56DC-E5DC-4120-BE85-390A44B77E05}.Release|x86.ActiveCfg = Release|Any CPU
		{5A5F56DC-E5DC-4120-BE85-390A44B77E05}.Release|x86.Build.0 = Release|Any CPU
	EndGlobalSection
	GlobalSection(SolutionProperties) = preSolution
		HideSolutionNode = FALSE
	EndGlobalSection
	GlobalSection(NestedProjects) = preSolution
		{0675FAF6-30EC-4565-B591-A9ECA3C1B22A} = {DA1A5447-C2B7-4A1E-9E49-B94CB1566AF2}
		{596F0CCC-53CF-42B0-B56A-7B902C38BB0F} = {DA1A5447-C2B7-4A1E-9E49-B94CB1566AF2}
		{E9FD3F4D-9C33-4DCF-BEDE-3D4E6D8602F2} = {DA1A5447-C2B7-4A1E-9E49-B94CB1566AF2}
		{5A5F56DC-E5DC-4120-BE85-390A44B77E05} = {5C55349D-74DD-4151-83B3-8DCC9FF8739C}
	EndGlobalSection
	GlobalSection(ExtensibilityGlobals) = postSolution
		SolutionGuid = {0E801A06-3924-4BD7-A766-04885AC3149D}
	EndGlobalSection
EndGlobal
